
Microsoft Visual Studio Solution File, Format Version 12.00
# Visual Studio Version 17
VisualStudioVersion = 17.4.33213.308
MinimumVisualStudioVersion = 10.0.40219.1
Project("{FAE04EC0-301F-11D3-BF4B-00C04F79EFBC}") = "testing stuff place 2 - GR", "testing stuff place 2 - GR\testing stuff place 2 - GR.csproj", "{1B639BD7-E350-4C70-8A66-B0ADB1EFF438}"
EndProject
Global
	GlobalSection(SolutionConfigurationPlatforms) = preSolution
		Debug|Any CPU = Debug|Any CPU
		Release|Any CPU = Release|Any CPU
	EndGlobalSection
	GlobalSection(ProjectConfigurationPlatforms) = postSolution
		{1B639BD7-E350-4C70-8A66-B0ADB1EFF438}.Debug|Any CPU.ActiveCfg = Debug|Any CPU
		{1B639BD7-E350-4C70-8A66-B0ADB1EFF438}.Debug|Any CPU.Build.0 = Debug|Any CPU
		{1B639BD7-E350-4C70-8A66-B0ADB1EFF438}.Release|Any CPU.ActiveCfg = Release|Any CPU
		{1B639BD7-E350-4C70-8A66-B0ADB1EFF438}.Release|Any CPU.Build.0 = Release|Any CPU
	EndGlobalSection
	GlobalSection(SolutionProperties) = preSolution
		HideSolutionNode = FALSE
	EndGlobalSection
	GlobalSection(ExtensibilityGlobals) = postSolution
		SolutionGuid = {76C7178F-ED1A-43F1-9ABC-ECD44DC8C0C7}
	EndGlobalSection
EndGlobal
